{
  "name": "rexijs-demo",
  "lockfileVersion": 2,
  "requires": true,
  "packages": {
    "": {
      "dependencies": {
        "rexijs": "^1.0.0"
      }
    },
    "node_modules/rexijs": {
      "version": "1.0.0",
      "resolved": "https://registry.npmjs.org/rexijs/-/rexijs-1.0.0.tgz",
      "integrity": "sha512-aRXvjm+MHdt/OI64J8OCNT4QQfP7BY3ytsS/mf1U/49tW1lYdt3b8NCGM33GfP4RcaXLnc/aIwDOaetKlVNb/A=="
    }
  },
  "dependencies": {
    "rexijs": {
      "version": "1.0.0",
      "resolved": "https://registry.npmjs.org/rexijs/-/rexijs-1.0.0.tgz",
      "integrity": "sha512-aRXvjm+MHdt/OI64J8OCNT4QQfP7BY3ytsS/mf1U/49tW1lYdt3b8NCGM33GfP4RcaXLnc/aIwDOaetKlVNb/A=="
    }
  }
}
